
Microsoft Visual Studio Solution File, Format Version 12.00
# Visual Studio Version 17
VisualStudioVersion = 17.3.32519.111
MinimumVisualStudioVersion = 10.0.40219.1
Project("{9A19103F-16F7-4668-BE54-9A1E7A4F7556}") = "CG.Blazor.Identity.QuickStart", "CG.Blazor.Identity.QuickStart.csproj", "{9046791D-DE0A-4DEA-90A9-E3F544AD3FD4}"
EndProject
Project("{9A19103F-16F7-4668-BE54-9A1E7A4F7556}") = "CG.Blazor.Identity", "..\..\src\CG.Blazor.Identity\CG.Blazor.Identity.csproj", "{50FF866C-E15E-42F7-A2A5-92A059046997}"
EndProject
Global
	GlobalSection(SolutionConfigurationPlatforms) = preSolution
		Debug|Any CPU = Debug|Any CPU
		Release|Any CPU = Release|Any CPU
	EndGlobalSection
	GlobalSection(ProjectConfigurationPlatforms) = postSolution
		{9046791D-DE0A-4DEA-90A9-E3F544AD3FD4}.Debug|Any CPU.ActiveCfg = Debug|Any CPU
		{9046791D-DE0A-4DEA-90A9-E3F544AD3FD4}.Debug|Any CPU.Build.0 = Debug|Any CPU
		{9046791D-DE0A-4DEA-90A9-E3F544AD3FD4}.Release|Any CPU.ActiveCfg = Release|Any CPU
		{9046791D-DE0A-4DEA-90A9-E3F544AD3FD4}.Release|Any CPU.Build.0 = Release|Any CPU
		{50FF866C-E15E-42F7-A2A5-92A059046997}.Debug|Any CPU.ActiveCfg = Debug|Any CPU
		{50FF866C-E15E-42F7-A2A5-92A059046997}.Debug|Any CPU.Build.0 = Debug|Any CPU
		{50FF866C-E15E-42F7-A2A5-92A059046997}.Release|Any CPU.ActiveCfg = Release|Any CPU
		{50FF866C-E15E-42F7-A2A5-92A059046997}.Release|Any CPU.Build.0 = Release|Any CPU
	EndGlobalSection
	GlobalSection(SolutionProperties) = preSolution
		HideSolutionNode = FALSE
	EndGlobalSection
	GlobalSection(ExtensibilityGlobals) = postSolution
		SolutionGuid = {05CAAE04-C764-4E5D-8BD8-BD3ABA5E06C1}
	EndGlobalSection
EndGlobal
