
Microsoft Visual Studio Solution File, Format Version 12.00
# Visual Studio Version 17
VisualStudioVersion = 17.1.31911.260
MinimumVisualStudioVersion = 10.0.40219.1
Project("{9A19103F-16F7-4668-BE54-9A1E7A4F7556}") = "CG.Blazor.Identity", "CG.Blazor.Identity\CG.Blazor.Identity.csproj", "{6429B18A-F246-4B7C-AA80-ACB42C028E5F}"
EndProject
Project("{9A19103F-16F7-4668-BE54-9A1E7A4F7556}") = "CG.Blazor.Identity.Tests", "..\tests\CG.Blazor.Identity.Tests\CG.Blazor.Identity.Tests.csproj", "{3D7A0567-B1F1-446B-AB48-871758BFF813}"
EndProject
Global
	GlobalSection(SolutionConfigurationPlatforms) = preSolution
		Debug|Any CPU = Debug|Any CPU
		Release|Any CPU = Release|Any CPU
	EndGlobalSection
	GlobalSection(ProjectConfigurationPlatforms) = postSolution
		{6429B18A-F246-4B7C-AA80-ACB42C028E5F}.Debug|Any CPU.ActiveCfg = Debug|Any CPU
		{6429B18A-F246-4B7C-AA80-ACB42C028E5F}.Debug|Any CPU.Build.0 = Debug|Any CPU
		{6429B18A-F246-4B7C-AA80-ACB42C028E5F}.Release|Any CPU.ActiveCfg = Release|Any CPU
		{6429B18A-F246-4B7C-AA80-ACB42C028E5F}.Release|Any CPU.Build.0 = Release|Any CPU
		{3D7A0567-B1F1-446B-AB48-871758BFF813}.Debug|Any CPU.ActiveCfg = Debug|Any CPU
		{3D7A0567-B1F1-446B-AB48-871758BFF813}.Debug|Any CPU.Build.0 = Debug|Any CPU
		{3D7A0567-B1F1-446B-AB48-871758BFF813}.Release|Any CPU.ActiveCfg = Release|Any CPU
		{3D7A0567-B1F1-446B-AB48-871758BFF813}.Release|Any CPU.Build.0 = Release|Any CPU
	EndGlobalSection
	GlobalSection(SolutionProperties) = preSolution
		HideSolutionNode = FALSE
	EndGlobalSection
	GlobalSection(ExtensibilityGlobals) = postSolution
		SolutionGuid = {EEC32BA8-889C-4B43-9C02-A0A4AA7DFE38}
	EndGlobalSection
EndGlobal
